{
  "name": "skyconis",
  "lockfileVersion": 3,
  "requires": true,
  "packages": {
    "": {
      "dependencies": {
        "darkreader": "^4.9.87"
      }
    },
    "node_modules/darkreader": {
      "version": "4.9.87",
      "resolved": "https://registry.npmjs.org/darkreader/-/darkreader-4.9.87.tgz",
      "integrity": "sha512-fPlKHpXqbtVTDD/rTtRxyr5OnGj2oLvIy6J2dhkN0cNPi9u27uz43UEx0VaHlO6+q9trIEbL41Bq309nR2yxkQ==",
      "funding": {
        "type": "opencollective",
        "url": "https://opencollective.com/darkreader/donate"
      }
    }
  }
}
